Microsoft Visual Studio Solution File, Format Version 12.00
# Visual Studio Version 17
VisualStudioVersion = 17.5.2.0
MinimumVisualStudioVersion = 10.0.40219.1
Project("{FAE04EC0-301F-11D3-BF4B-00C04F79EFBC}") = "Career635", "Career635\Career635.csproj", "{57786035-D417-A9E4-898F-180767E854C0}"
EndProject
Global
	GlobalSection(SolutionConfigurationPlatforms) = preSolution
		Debug|Any CPU = Debug|Any CPU
		Release|Any CPU = Release|Any CPU
	EndGlobalSection
	GlobalSection(ProjectConfigurationPlatforms) = postSolution
		{57786035-D417-A9E4-898F-180767E854C0}.Debug|Any CPU.ActiveCfg = Debug|Any CPU
		{57786035-D417-A9E4-898F-180767E854C0}.Debug|Any CPU.Build.0 = Debug|Any CPU
		{57786035-D417-A9E4-898F-180767E854C0}.Release|Any CPU.ActiveCfg = Release|Any CPU
		{57786035-D417-A9E4-898F-180767E854C0}.Release|Any CPU.Build.0 = Release|Any CPU
	EndGlobalSection
	GlobalSection(SolutionProperties) = preSolution
		HideSolutionNode = FALSE
	EndGlobalSection
	GlobalSection(ExtensibilityGlobals) = postSolution
		SolutionGuid = {F7B7998B-89CC-4E6F-B057-A8314093D49D}
	EndGlobalSection
EndGlobal
