Microsoft Visual Studio Solution File, Format Version 12.00
# Visual Studio Version 17
VisualStudioVersion = 17.5.2.0
MinimumVisualStudioVersion = 10.0.40219.1
Project("{FAE04EC0-301F-11D3-BF4B-00C04F79EFBC}") = "Career635", "Career635.csproj", "{3E3E9506-2EE5-C1F7-7FC7-E1523C142DED}"
EndProject
Global
	GlobalSection(SolutionConfigurationPlatforms) = preSolution
		Debug|Any CPU = Debug|Any CPU
		Release|Any CPU = Release|Any CPU
	EndGlobalSection
	GlobalSection(ProjectConfigurationPlatforms) = postSolution
		{3E3E9506-2EE5-C1F7-7FC7-E1523C142DED}.Debug|Any CPU.ActiveCfg = Debug|Any CPU
		{3E3E9506-2EE5-C1F7-7FC7-E1523C142DED}.Debug|Any CPU.Build.0 = Debug|Any CPU
		{3E3E9506-2EE5-C1F7-7FC7-E1523C142DED}.Release|Any CPU.ActiveCfg = Release|Any CPU
		{3E3E9506-2EE5-C1F7-7FC7-E1523C142DED}.Release|Any CPU.Build.0 = Release|Any CPU
	EndGlobalSection
	GlobalSection(SolutionProperties) = preSolution
		HideSolutionNode = FALSE
	EndGlobalSection
	GlobalSection(ExtensibilityGlobals) = postSolution
		SolutionGuid = {0731084B-73D3-4A03-B0EA-E1671F4F6B7D}
	EndGlobalSection
EndGlobal
